
Microsoft Visual Studio Solution File, Format Version 12.00
# Visual Studio 15
VisualStudioVersion = 15.0.26228.4
MinimumVisualStudioVersion = 10.0.40219.1
Project("{FAE04EC0-301F-11D3-BF4B-00C04F79EFBC}") = "ItemTwo.B.Host", "ItemTwo.B.Host\ItemTwo.B.Host.csproj", "{4D96FC1B-2742-4B9B-A8E9-DDB665AC1F0E}"
EndProject
Project("{FAE04EC0-301F-11D3-BF4B-00C04F79EFBC}") = "ItemTwo.Lib", "ItemTwo.Lib\ItemTwo.Lib.csproj", "{7093D050-E47B-461E-B8C2-5BBFF39CAD81}"
EndProject
Global
	GlobalSection(SolutionConfigurationPlatforms) = preSolution
		Debug|Any CPU = Debug|Any CPU
		Release|Any CPU = Release|Any CPU
	EndGlobalSection
	GlobalSection(ProjectConfigurationPlatforms) = postSolution
		{4D96FC1B-2742-4B9B-A8E9-DDB665AC1F0E}.Debug|Any CPU.ActiveCfg = Debug|Any CPU
		{4D96FC1B-2742-4B9B-A8E9-DDB665AC1F0E}.Debug|Any CPU.Build.0 = Debug|Any CPU
		{4D96FC1B-2742-4B9B-A8E9-DDB665AC1F0E}.Release|Any CPU.ActiveCfg = Release|Any CPU
		{4D96FC1B-2742-4B9B-A8E9-DDB665AC1F0E}.Release|Any CPU.Build.0 = Release|Any CPU
		{7093D050-E47B-461E-B8C2-5BBFF39CAD81}.Debug|Any CPU.ActiveCfg = Debug|Any CPU
		{7093D050-E47B-461E-B8C2-5BBFF39CAD81}.Debug|Any CPU.Build.0 = Debug|Any CPU
		{7093D050-E47B-461E-B8C2-5BBFF39CAD81}.Release|Any CPU.ActiveCfg = Release|Any CPU
		{7093D050-E47B-461E-B8C2-5BBFF39CAD81}.Release|Any CPU.Build.0 = Release|Any CPU
	EndGlobalSection
	GlobalSection(SolutionProperties) = preSolution
		HideSolutionNode = FALSE
	EndGlobalSection
EndGlobal
