
Microsoft Visual Studio Solution File, Format Version 12.00
# Visual Studio 14
VisualStudioVersion = 14.0.25420.1
MinimumVisualStudioVersion = 10.0.40219.1
Project("{FAE04EC0-301F-11D3-BF4B-00C04F79EFBC}") = "101", "101\101.csproj", "{BE6956D1-3C71-428A-8E46-5CE11BF3CD25}"
EndProject
Global
	GlobalSection(SolutionConfigurationPlatforms) = preSolution
		Debug|Any CPU = Debug|Any CPU
		Release|Any CPU = Release|Any CPU
	EndGlobalSection
	GlobalSection(ProjectConfigurationPlatforms) = postSolution
		{BE6956D1-3C71-428A-8E46-5CE11BF3CD25}.Debug|Any CPU.ActiveCfg = Debug|Any CPU
		{BE6956D1-3C71-428A-8E46-5CE11BF3CD25}.Debug|Any CPU.Build.0 = Debug|Any CPU
		{BE6956D1-3C71-428A-8E46-5CE11BF3CD25}.Release|Any CPU.ActiveCfg = Release|Any CPU
		{BE6956D1-3C71-428A-8E46-5CE11BF3CD25}.Release|Any CPU.Build.0 = Release|Any CPU
	EndGlobalSection
	GlobalSection(SolutionProperties) = preSolution
		HideSolutionNode = FALSE
	EndGlobalSection
EndGlobal
