
Microsoft Visual Studio Solution File, Format Version 12.00
# Visual Studio 15
VisualStudioVersion = 15.0.26228.4
MinimumVisualStudioVersion = 10.0.40219.1
Project("{FAE04EC0-301F-11D3-BF4B-00C04F79EFBC}") = "WebService", "WebService\WebService.csproj", "{542FDA62-4969-44A1-BFC8-8973753B5892}"
EndProject
Project("{FAE04EC0-301F-11D3-BF4B-00C04F79EFBC}") = "WebClient", "WebClient\WebClient.csproj", "{E7FA5943-BFC9-47A5-A04C-53D47D76A3C8}"
	ProjectSection(ProjectDependencies) = postProject
		{542FDA62-4969-44A1-BFC8-8973753B5892} = {542FDA62-4969-44A1-BFC8-8973753B5892}
	EndProjectSection
EndProject
Project("{FAE04EC0-301F-11D3-BF4B-00C04F79EFBC}") = "DesktopClient", "DesktopClient\DesktopClient.csproj", "{0BB2FB70-63A5-47F3-BBC5-113ED6A4B6C8}"
	ProjectSection(ProjectDependencies) = postProject
		{542FDA62-4969-44A1-BFC8-8973753B5892} = {542FDA62-4969-44A1-BFC8-8973753B5892}
	EndProjectSection
EndProject
Project("{FAE04EC0-301F-11D3-BF4B-00C04F79EFBC}") = "WCFLibrary", "WCFLibrary\WCFLibrary.csproj", "{79898305-3B0D-451D-9140-2977D3CE678B}"
EndProject
Project("{FAE04EC0-301F-11D3-BF4B-00C04F79EFBC}") = "HostWCFLib", "HostWCFLib\HostWCFLib.csproj", "{AA940AC2-3C5D-4188-9F13-0E320FF75F18}"
EndProject
Global
	GlobalSection(SolutionConfigurationPlatforms) = preSolution
		Debug|Any CPU = Debug|Any CPU
		Release|Any CPU = Release|Any CPU
	EndGlobalSection
	GlobalSection(ProjectConfigurationPlatforms) = postSolution
		{542FDA62-4969-44A1-BFC8-8973753B5892}.Debug|Any CPU.ActiveCfg = Debug|Any CPU
		{542FDA62-4969-44A1-BFC8-8973753B5892}.Debug|Any CPU.Build.0 = Debug|Any CPU
		{542FDA62-4969-44A1-BFC8-8973753B5892}.Release|Any CPU.ActiveCfg = Release|Any CPU
		{542FDA62-4969-44A1-BFC8-8973753B5892}.Release|Any CPU.Build.0 = Release|Any CPU
		{E7FA5943-BFC9-47A5-A04C-53D47D76A3C8}.Debug|Any CPU.ActiveCfg = Debug|Any CPU
		{E7FA5943-BFC9-47A5-A04C-53D47D76A3C8}.Debug|Any CPU.Build.0 = Debug|Any CPU
		{E7FA5943-BFC9-47A5-A04C-53D47D76A3C8}.Release|Any CPU.ActiveCfg = Release|Any CPU
		{E7FA5943-BFC9-47A5-A04C-53D47D76A3C8}.Release|Any CPU.Build.0 = Release|Any CPU
		{0BB2FB70-63A5-47F3-BBC5-113ED6A4B6C8}.Debug|Any CPU.ActiveCfg = Debug|Any CPU
		{0BB2FB70-63A5-47F3-BBC5-113ED6A4B6C8}.Debug|Any CPU.Build.0 = Debug|Any CPU
		{0BB2FB70-63A5-47F3-BBC5-113ED6A4B6C8}.Release|Any CPU.ActiveCfg = Release|Any CPU
		{0BB2FB70-63A5-47F3-BBC5-113ED6A4B6C8}.Release|Any CPU.Build.0 = Release|Any CPU
		{79898305-3B0D-451D-9140-2977D3CE678B}.Debug|Any CPU.ActiveCfg = Debug|Any CPU
		{79898305-3B0D-451D-9140-2977D3CE678B}.Debug|Any CPU.Build.0 = Debug|Any CPU
		{79898305-3B0D-451D-9140-2977D3CE678B}.Release|Any CPU.ActiveCfg = Release|Any CPU
		{79898305-3B0D-451D-9140-2977D3CE678B}.Release|Any CPU.Build.0 = Release|Any CPU
		{AA940AC2-3C5D-4188-9F13-0E320FF75F18}.Debug|Any CPU.ActiveCfg = Debug|Any CPU
		{AA940AC2-3C5D-4188-9F13-0E320FF75F18}.Debug|Any CPU.Build.0 = Debug|Any CPU
		{AA940AC2-3C5D-4188-9F13-0E320FF75F18}.Release|Any CPU.ActiveCfg = Release|Any CPU
		{AA940AC2-3C5D-4188-9F13-0E320FF75F18}.Release|Any CPU.Build.0 = Release|Any CPU
	EndGlobalSection
	GlobalSection(SolutionProperties) = preSolution
		HideSolutionNode = FALSE
	EndGlobalSection
EndGlobal
