
Microsoft Visual Studio Solution File, Format Version 12.00
# Visual Studio 14
VisualStudioVersion = 14.0.25420.1
MinimumVisualStudioVersion = 10.0.40219.1
Project("{FAE04EC0-301F-11D3-BF4B-00C04F79EFBC}") = "Ch-7", "Ch-7\Ch-7.csproj", "{B2369B58-250F-4F67-BB78-509E212F13C0}"
EndProject
Project("{FAE04EC0-301F-11D3-BF4B-00C04F79EFBC}") = "Model", "Model\Model.csproj", "{21E252CC-9819-44AF-BC80-96127CEFB07B}"
EndProject
Project("{FAE04EC0-301F-11D3-BF4B-00C04F79EFBC}") = "DAL", "DAL\DAL.csproj", "{1C43C4CC-DD8E-4E1E-BE1D-D8F893DF1ADA}"
EndProject
Project("{FAE04EC0-301F-11D3-BF4B-00C04F79EFBC}") = "Service", "Service\Service.csproj", "{C341C23B-5F51-440B-8F62-67F3D53B05CD}"
EndProject
Project("{FAE04EC0-301F-11D3-BF4B-00C04F79EFBC}") = "Ch-8", "Ch-8\Ch-8.csproj", "{04D083C6-8844-4EAC-A68B-E89BFAAE0D03}"
EndProject
Project("{FAE04EC0-301F-11D3-BF4B-00C04F79EFBC}") = "ConsoleClient", "ConsoleClient\ConsoleClient.csproj", "{459A272C-2867-490D-BDC5-C8FA4805CAF1}"
EndProject
Project("{FAE04EC0-301F-11D3-BF4B-00C04F79EFBC}") = "Ch-9", "Ch-9\Ch-9.csproj", "{3FBE6881-B482-4632-A80D-0FEF7B37BD2C}"
EndProject
Project("{FAE04EC0-301F-11D3-BF4B-00C04F79EFBC}") = "Ch-10", "Ch-10\Ch-10.csproj", "{4C43FCAD-5FE9-4371-9F2A-67ED235FA056}"
EndProject
Global
	GlobalSection(SolutionConfigurationPlatforms) = preSolution
		Debug|Any CPU = Debug|Any CPU
		Release|Any CPU = Release|Any CPU
	EndGlobalSection
	GlobalSection(ProjectConfigurationPlatforms) = postSolution
		{B2369B58-250F-4F67-BB78-509E212F13C0}.Debug|Any CPU.ActiveCfg = Debug|Any CPU
		{B2369B58-250F-4F67-BB78-509E212F13C0}.Debug|Any CPU.Build.0 = Debug|Any CPU
		{B2369B58-250F-4F67-BB78-509E212F13C0}.Release|Any CPU.ActiveCfg = Release|Any CPU
		{B2369B58-250F-4F67-BB78-509E212F13C0}.Release|Any CPU.Build.0 = Release|Any CPU
		{21E252CC-9819-44AF-BC80-96127CEFB07B}.Debug|Any CPU.ActiveCfg = Debug|Any CPU
		{21E252CC-9819-44AF-BC80-96127CEFB07B}.Debug|Any CPU.Build.0 = Debug|Any CPU
		{21E252CC-9819-44AF-BC80-96127CEFB07B}.Release|Any CPU.ActiveCfg = Release|Any CPU
		{21E252CC-9819-44AF-BC80-96127CEFB07B}.Release|Any CPU.Build.0 = Release|Any CPU
		{1C43C4CC-DD8E-4E1E-BE1D-D8F893DF1ADA}.Debug|Any CPU.ActiveCfg = Debug|Any CPU
		{1C43C4CC-DD8E-4E1E-BE1D-D8F893DF1ADA}.Debug|Any CPU.Build.0 = Debug|Any CPU
		{1C43C4CC-DD8E-4E1E-BE1D-D8F893DF1ADA}.Release|Any CPU.ActiveCfg = Release|Any CPU
		{1C43C4CC-DD8E-4E1E-BE1D-D8F893DF1ADA}.Release|Any CPU.Build.0 = Release|Any CPU
		{C341C23B-5F51-440B-8F62-67F3D53B05CD}.Debug|Any CPU.ActiveCfg = Debug|Any CPU
		{C341C23B-5F51-440B-8F62-67F3D53B05CD}.Debug|Any CPU.Build.0 = Debug|Any CPU
		{C341C23B-5F51-440B-8F62-67F3D53B05CD}.Release|Any CPU.ActiveCfg = Release|Any CPU
		{C341C23B-5F51-440B-8F62-67F3D53B05CD}.Release|Any CPU.Build.0 = Release|Any CPU
		{04D083C6-8844-4EAC-A68B-E89BFAAE0D03}.Debug|Any CPU.ActiveCfg = Debug|Any CPU
		{04D083C6-8844-4EAC-A68B-E89BFAAE0D03}.Debug|Any CPU.Build.0 = Debug|Any CPU
		{04D083C6-8844-4EAC-A68B-E89BFAAE0D03}.Release|Any CPU.ActiveCfg = Release|Any CPU
		{04D083C6-8844-4EAC-A68B-E89BFAAE0D03}.Release|Any CPU.Build.0 = Release|Any CPU
		{459A272C-2867-490D-BDC5-C8FA4805CAF1}.Debug|Any CPU.ActiveCfg = Debug|Any CPU
		{459A272C-2867-490D-BDC5-C8FA4805CAF1}.Debug|Any CPU.Build.0 = Debug|Any CPU
		{459A272C-2867-490D-BDC5-C8FA4805CAF1}.Release|Any CPU.ActiveCfg = Release|Any CPU
		{459A272C-2867-490D-BDC5-C8FA4805CAF1}.Release|Any CPU.Build.0 = Release|Any CPU
		{3FBE6881-B482-4632-A80D-0FEF7B37BD2C}.Debug|Any CPU.ActiveCfg = Debug|Any CPU
		{3FBE6881-B482-4632-A80D-0FEF7B37BD2C}.Debug|Any CPU.Build.0 = Debug|Any CPU
		{3FBE6881-B482-4632-A80D-0FEF7B37BD2C}.Release|Any CPU.ActiveCfg = Release|Any CPU
		{3FBE6881-B482-4632-A80D-0FEF7B37BD2C}.Release|Any CPU.Build.0 = Release|Any CPU
		{4C43FCAD-5FE9-4371-9F2A-67ED235FA056}.Debug|Any CPU.ActiveCfg = Debug|Any CPU
		{4C43FCAD-5FE9-4371-9F2A-67ED235FA056}.Debug|Any CPU.Build.0 = Debug|Any CPU
		{4C43FCAD-5FE9-4371-9F2A-67ED235FA056}.Release|Any CPU.ActiveCfg = Release|Any CPU
		{4C43FCAD-5FE9-4371-9F2A-67ED235FA056}.Release|Any CPU.Build.0 = Release|Any CPU
	EndGlobalSection
	GlobalSection(SolutionProperties) = preSolution
		HideSolutionNode = FALSE
	EndGlobalSection
EndGlobal
