
Microsoft Visual Studio Solution File, Format Version 12.00
# Visual Studio 15
VisualStudioVersion = 15.0.26228.4
MinimumVisualStudioVersion = 10.0.40219.1
Project("{FAE04EC0-301F-11D3-BF4B-00C04F79EFBC}") = "Client", "Client\Client.csproj", "{EB980F2E-2AB2-46A4-BE76-DD2E664A71DE}"
EndProject
Project("{FAE04EC0-301F-11D3-BF4B-00C04F79EFBC}") = "GOFPrototypePattern", "GOFPrototypePattern\GOFPrototypePattern.csproj", "{656BB48F-693A-449B-BE83-D8261328C068}"
EndProject
Global
	GlobalSection(SolutionConfigurationPlatforms) = preSolution
		Debug|Any CPU = Debug|Any CPU
		Release|Any CPU = Release|Any CPU
	EndGlobalSection
	GlobalSection(ProjectConfigurationPlatforms) = postSolution
		{EB980F2E-2AB2-46A4-BE76-DD2E664A71DE}.Debug|Any CPU.ActiveCfg = Debug|Any CPU
		{EB980F2E-2AB2-46A4-BE76-DD2E664A71DE}.Debug|Any CPU.Build.0 = Debug|Any CPU
		{EB980F2E-2AB2-46A4-BE76-DD2E664A71DE}.Release|Any CPU.ActiveCfg = Release|Any CPU
		{EB980F2E-2AB2-46A4-BE76-DD2E664A71DE}.Release|Any CPU.Build.0 = Release|Any CPU
		{656BB48F-693A-449B-BE83-D8261328C068}.Debug|Any CPU.ActiveCfg = Debug|Any CPU
		{656BB48F-693A-449B-BE83-D8261328C068}.Debug|Any CPU.Build.0 = Debug|Any CPU
		{656BB48F-693A-449B-BE83-D8261328C068}.Release|Any CPU.ActiveCfg = Release|Any CPU
		{656BB48F-693A-449B-BE83-D8261328C068}.Release|Any CPU.Build.0 = Release|Any CPU
	EndGlobalSection
	GlobalSection(SolutionProperties) = preSolution
		HideSolutionNode = FALSE
	EndGlobalSection
EndGlobal
