
Microsoft Visual Studio Solution File, Format Version 12.00
# Visual Studio 14
VisualStudioVersion = 14.0.25420.1
MinimumVisualStudioVersion = 10.0.40219.1
Project("{FAE04EC0-301F-11D3-BF4B-00C04F79EFBC}") = "API", "API\API.csproj", "{1B3D35CD-75F2-40FD-B9D4-A1E962962A65}"
EndProject
Project("{FAE04EC0-301F-11D3-BF4B-00C04F79EFBC}") = "API.Tests", "API.Tests\API.Tests.csproj", "{88A4CA44-CC1A-4173-8AEA-BD4DC3457361}"
EndProject
Global
	GlobalSection(SolutionConfigurationPlatforms) = preSolution
		Debug|Any CPU = Debug|Any CPU
		Release|Any CPU = Release|Any CPU
	EndGlobalSection
	GlobalSection(ProjectConfigurationPlatforms) = postSolution
		{1B3D35CD-75F2-40FD-B9D4-A1E962962A65}.Debug|Any CPU.ActiveCfg = Debug|Any CPU
		{1B3D35CD-75F2-40FD-B9D4-A1E962962A65}.Debug|Any CPU.Build.0 = Debug|Any CPU
		{1B3D35CD-75F2-40FD-B9D4-A1E962962A65}.Release|Any CPU.ActiveCfg = Release|Any CPU
		{1B3D35CD-75F2-40FD-B9D4-A1E962962A65}.Release|Any CPU.Build.0 = Release|Any CPU
		{88A4CA44-CC1A-4173-8AEA-BD4DC3457361}.Debug|Any CPU.ActiveCfg = Debug|Any CPU
		{88A4CA44-CC1A-4173-8AEA-BD4DC3457361}.Debug|Any CPU.Build.0 = Debug|Any CPU
		{88A4CA44-CC1A-4173-8AEA-BD4DC3457361}.Release|Any CPU.ActiveCfg = Release|Any CPU
		{88A4CA44-CC1A-4173-8AEA-BD4DC3457361}.Release|Any CPU.Build.0 = Release|Any CPU
	EndGlobalSection
	GlobalSection(SolutionProperties) = preSolution
		HideSolutionNode = FALSE
	EndGlobalSection
EndGlobal
